# This file was autogenerated by Stack.
# You should not edit this file by hand.
# For more information, please see the documentation at:
#   https://docs.haskellstack.org/en/stable/lock_files

packages:
- completed:
    hackage: ansi-terminal-0.11.4@sha256:410737137c798e23339a08435a5511785ebf1db08700e37debbd7801cf73fc82,3584
    pantry-tree:
      sha256: 49bc6ef92292ee8b663a40cf5170af1efaaa4ed84155b65ad41eabf1faf9b18f
      size: 1462
  original:
    hackage: ansi-terminal-0.11.4
- completed:
    hackage: bimap-0.5.0@sha256:aba506d02a1c93fc2b50dcbe728d2a4d07cca89b7033945418061a0b08576ebd,1889
    pantry-tree:
      sha256: 285f5e86640f4bef3b7a60991defb8dd4b3714f8c294495d1136da182c1315a3
      size: 470
  original:
    hackage: bimap-0.5.0
- completed:
    hackage: brick-2.3.1@sha256:4c36e5d77dc360641a5aa9361949d981e4aecc7f1372c862e0b2451d614b5f5c,17394
    pantry-tree:
      sha256: 7476f449a27ac6736264f1fdde37e0282d43cd803d00da5ebe0ff811ee4035fc
      size: 4671
  original:
    hackage: brick-2.3.1
- completed:
    hackage: fsnotify-0.4.1.0@sha256:44540beabea36aeeef930aa4d5f28091d431904bc9923b6ac4d358831c651235,2854
    pantry-tree:
      sha256: f8e89e81fe0ca6e285036e04b165119ccfc59e7e668c1bfc28927f39062c5949
      size: 1280
  original:
    hackage: fsnotify-0.4.1.0
- completed:
    hackage: isomorphism-class-0.1.0.12@sha256:b1892d97c56be43bd7a7748c278c27d85c8a5713e39fcb5c8e4276cc7b92f348,1894
    pantry-tree:
      sha256: 04c44680a280843667aaae1c07dc6256f6ae6736d19374ec661b1d8afc5e3587
      size: 465
  original:
    hackage: isomorphism-class-0.1.0.12
- completed:
    hackage: safe-0.3.21@sha256:b928ea1645876788155b38ce85c7e46d157a1bb41d2b05f5770b13d60bc6a3f7,2400
    pantry-tree:
      sha256: ffc22bbfa2397e8b12a5ac0d867e4c93fea452d536f35f6f01f90fa326ee1652
      size: 564
  original:
    hackage: safe-0.3.21
- completed:
    hackage: text-ansi-0.2.1@sha256:1d9c3acc8e6a4a4f3d975e52602330b7686c1d211e0ba2a81edb68b33e49747b,1682
    pantry-tree:
      sha256: cb8b8cf717c964128014e61bcd1fff63e1e2d0659b6397316d98eb6290984b84
      size: 510
  original:
    hackage: text-ansi-0.2.1
- completed:
    hackage: text-builder-0.6.7@sha256:efbb3e06107e9c8d1cfe85c963938ca9f375a74379af03da3173be4ef5c37bcf,2364
    pantry-tree:
      sha256: cd0ae197e6f9f3860a8ab71f5b87c4a8452ed1fce2fdfd35e36d68ded6e6648e
      size: 425
  original:
    hackage: text-builder-0.6.7
- completed:
    hackage: text-builder-dev-0.3.3.2@sha256:9321739fbec99b5bd85f8a8814ef35b399c7a9ed49736564b2bdb44e6e32a266,2836
    pantry-tree:
      sha256: 7690442070b674e4957c274494b46314b5ac42a7b5b13b0d09c0d02aa0cf8fc9
      size: 808
  original:
    hackage: text-builder-dev-0.3.3.2
- completed:
    hackage: text-zipper-0.13@sha256:e1a48d69c9324ed3784bc39d5ded84d63ea3115b32a018ddf76158ed9d58dc0a,1472
    pantry-tree:
      sha256: c8e30137f3b5aae8b21ada32551f5d879bdf56165c0b42548fb1832011a60c57
      size: 604
  original:
    hackage: text-zipper-0.13
- completed:
    hackage: vty-6.2@sha256:3536dc83a3fee17d9a114baf58fe47b6f080c24987266f0cd0b7b4b1fcd9cf19,3520
    pantry-tree:
      sha256: 5e47e646809311e65684786521b785dbeedcc232c387117c176ab0397cf2db4d
      size: 2104
  original:
    hackage: vty-6.2
- completed:
    hackage: vty-crossplatform-0.4.0.0@sha256:50593f91ad16777d921138475a8d2784d538fd206addd30664c620278d6c8544,3172
    pantry-tree:
      sha256: ff010cf0ab3f48c43432268a00113e051599285d6ed60cfada7f53e44dbe00f8
      size: 582
  original:
    hackage: vty-crossplatform-0.4.0.0
- completed:
    hackage: vty-unix-0.2.0.0@sha256:2af3d0bdae3c4b7b7e567ee374efe32c7439fabdf9096465ce011a6c6736e9ae,2932
    pantry-tree:
      sha256: 0e3dd52406c263fd4b54d03123e71423d1ef6939fb8c179745486243c519fdf7
      size: 1926
  original:
    hackage: vty-unix-0.2.0.0
- completed:
    hackage: vty-windows-0.2.0.2@sha256:add74928c695b83f651116a73171b097524c7989d2b08c7c6e2816c982047cab,2815
    pantry-tree:
      sha256: 348b3ce7af7bc386b8ecdf469c31b251eebf3a59945cd9de58f8cc8667fdcd7d
      size: 2160
  original:
    hackage: vty-windows-0.2.0.2
snapshots:
- completed:
    sha256: 6d1532d40621957a25bad5195bfca7938e8a06d923c91bc52aa0f3c41181f2d4
    size: 619204
    url: https://raw.githubusercontent.com/commercialhaskell/stackage-snapshots/master/lts/19/33.yaml
  original: lts-19.33
