# This file was autogenerated by Stack.
# You should not edit this file by hand.
# For more information, please see the documentation at:
#   https://docs.haskellstack.org/en/stable/lock_files

packages:
- completed:
    hackage: megaparsec-9.3.0@sha256:5836aed85cdc87025c2e947040331f2a3cde32911db3b841161c6f3dc4fc5f4f,3219
    pantry-tree:
      sha256: 5373bad5ded9d65b4947b0cda8720e73bcb2321f3e45e6487596803bc56d65f9
      size: 1519
  original:
    hackage: megaparsec-9.3.0
- completed:
    hackage: safe-0.3.21@sha256:b928ea1645876788155b38ce85c7e46d157a1bb41d2b05f5770b13d60bc6a3f7,2400
    pantry-tree:
      sha256: ffc22bbfa2397e8b12a5ac0d867e4c93fea452d536f35f6f01f90fa326ee1652
      size: 564
  original:
    hackage: safe-0.3.21
- completed:
    hackage: brick-2.3.1@sha256:4c36e5d77dc360641a5aa9361949d981e4aecc7f1372c862e0b2451d614b5f5c,17394
    pantry-tree:
      sha256: 7476f449a27ac6736264f1fdde37e0282d43cd803d00da5ebe0ff811ee4035fc
      size: 4671
  original:
    hackage: brick-2.3.1
- completed:
    hackage: vty-6.2@sha256:3536dc83a3fee17d9a114baf58fe47b6f080c24987266f0cd0b7b4b1fcd9cf19,3520
    pantry-tree:
      sha256: 5e47e646809311e65684786521b785dbeedcc232c387117c176ab0397cf2db4d
      size: 2104
  original:
    hackage: vty-6.2
- completed:
    hackage: vty-crossplatform-0.4.0.0@sha256:50593f91ad16777d921138475a8d2784d538fd206addd30664c620278d6c8544,3172
    pantry-tree:
      sha256: ff010cf0ab3f48c43432268a00113e051599285d6ed60cfada7f53e44dbe00f8
      size: 582
  original:
    hackage: vty-crossplatform-0.4.0.0
- completed:
    hackage: vty-unix-0.2.0.0@sha256:2af3d0bdae3c4b7b7e567ee374efe32c7439fabdf9096465ce011a6c6736e9ae,2932
    pantry-tree:
      sha256: 0e3dd52406c263fd4b54d03123e71423d1ef6939fb8c179745486243c519fdf7
      size: 1926
  original:
    hackage: vty-unix-0.2.0.0
- completed:
    hackage: vty-windows-0.2.0.2@sha256:add74928c695b83f651116a73171b097524c7989d2b08c7c6e2816c982047cab,2815
    pantry-tree:
      sha256: 348b3ce7af7bc386b8ecdf469c31b251eebf3a59945cd9de58f8cc8667fdcd7d
      size: 2160
  original:
    hackage: vty-windows-0.2.0.2
- completed:
    hackage: text-zipper-0.13@sha256:e1a48d69c9324ed3784bc39d5ded84d63ea3115b32a018ddf76158ed9d58dc0a,1472
    pantry-tree:
      sha256: c8e30137f3b5aae8b21ada32551f5d879bdf56165c0b42548fb1832011a60c57
      size: 604
  original:
    hackage: text-zipper-0.13
- completed:
    hackage: fsnotify-0.4.1.0@sha256:44540beabea36aeeef930aa4d5f28091d431904bc9923b6ac4d358831c651235,2854
    pantry-tree:
      sha256: f8e89e81fe0ca6e285036e04b165119ccfc59e7e668c1bfc28927f39062c5949
      size: 1280
  original:
    hackage: fsnotify-0.4.1.0
snapshots:
- completed:
    sha256: 5a59b2a405b3aba3c00188453be172b85893cab8ebc352b1ef58b0eae5d248a2
    size: 650475
    url: https://raw.githubusercontent.com/commercialhaskell/stackage-snapshots/master/lts/20/26.yaml
  original: lts-20.26
