# This file was autogenerated by Stack.
# You should not edit this file by hand.
# For more information, please see the documentation at:
#   https://docs.haskellstack.org/en/stable/lock_files

packages:
- completed:
    hackage: ghc-debug-convention-0.6.0.0@sha256:be9e51bc9096cf966a508b036b2bfe829dc32c166eccc4ce442b56eb01fc2b1f,635
    pantry-tree:
      sha256: 9e36e16c05416895eba9f51cf610b9260f78fd85186ebc601ac9a4ca8ef64adf
      size: 189
  original:
    hackage: ghc-debug-convention-0.6.0.0
- completed:
    hackage: ghc-debug-stub-0.6.0.0@sha256:04d53a8fe507011e30a5ecf21fba97f8e7015c2f59396b191a4b8c0323d53df6,1601
    pantry-tree:
      sha256: 2fc049b3ff78999da5f708aa4dda3958d58c80070047b9645b98ec768d81415a
      size: 600
  original:
    hackage: ghc-debug-stub-0.6.0.0
snapshots:
- completed:
    sha256: a6d9d8dffd276f0f08d3cb05b9bf773ff86503017200adea63bfd4ad64c36c62
    size: 640467
    url: https://raw.githubusercontent.com/commercialhaskell/stackage-snapshots/master/nightly/2024/5/18.yaml
  original: nightly-2024-05-18
