# This file was autogenerated by Stack.
# You should not edit this file by hand.
# For more information, please see the documentation at:
#   https://docs.haskellstack.org/en/stable/lock_files

packages:
- completed:
    hackage: safe-0.3.21@sha256:b928ea1645876788155b38ce85c7e46d157a1bb41d2b05f5770b13d60bc6a3f7,2400
    pantry-tree:
      sha256: ffc22bbfa2397e8b12a5ac0d867e4c93fea452d536f35f6f01f90fa326ee1652
      size: 564
  original:
    hackage: safe-0.3.21
- completed:
    hackage: brick-2.3.1@sha256:4c36e5d77dc360641a5aa9361949d981e4aecc7f1372c862e0b2451d614b5f5c,17394
    pantry-tree:
      sha256: 7476f449a27ac6736264f1fdde37e0282d43cd803d00da5ebe0ff811ee4035fc
      size: 4671
  original:
    hackage: brick-2.3.1
- completed:
    hackage: vty-6.2@sha256:3536dc83a3fee17d9a114baf58fe47b6f080c24987266f0cd0b7b4b1fcd9cf19,3520
    pantry-tree:
      sha256: 5e47e646809311e65684786521b785dbeedcc232c387117c176ab0397cf2db4d
      size: 2104
  original:
    hackage: vty-6.2
- completed:
    hackage: vty-crossplatform-0.4.0.0@sha256:50593f91ad16777d921138475a8d2784d538fd206addd30664c620278d6c8544,3172
    pantry-tree:
      sha256: ff010cf0ab3f48c43432268a00113e051599285d6ed60cfada7f53e44dbe00f8
      size: 582
  original:
    hackage: vty-crossplatform-0.4.0.0
- completed:
    hackage: vty-unix-0.2.0.0@sha256:2af3d0bdae3c4b7b7e567ee374efe32c7439fabdf9096465ce011a6c6736e9ae,2932
    pantry-tree:
      sha256: 0e3dd52406c263fd4b54d03123e71423d1ef6939fb8c179745486243c519fdf7
      size: 1926
  original:
    hackage: vty-unix-0.2.0.0
- completed:
    hackage: vty-windows-0.2.0.2@sha256:add74928c695b83f651116a73171b097524c7989d2b08c7c6e2816c982047cab,2815
    pantry-tree:
      sha256: 348b3ce7af7bc386b8ecdf469c31b251eebf3a59945cd9de58f8cc8667fdcd7d
      size: 2160
  original:
    hackage: vty-windows-0.2.0.2
snapshots:
- completed:
    sha256: a81fb3877c4f9031e1325eb3935122e608d80715dc16b586eb11ddbff8671ecd
    size: 640086
    url: https://raw.githubusercontent.com/commercialhaskell/stackage-snapshots/master/lts/21/25.yaml
  original: lts-21.25
