# This file was autogenerated by Stack.
# You should not edit this file by hand.
# For more information, please see the documentation at:
#   https://docs.haskellstack.org/en/stable/lock_files

packages:
- completed:
    hackage: vty-windows-0.2.0.1@sha256:6c75230057a708168dbc420975572511ad3ec09956bf73c3b6f4be03324e8b13,2815
    pantry-tree:
      sha256: 0de977580639c2a90958ef68ec03128d0362ff13657c66c4f25cedc12ba3259e
      size: 2160
  original:
    hackage: vty-windows-0.2.0.1
snapshots:
- completed:
    sha256: 629fdd46125079fa6d355106005b2ab88bd39332169dd416fda06d5c0aaa63e2
    size: 713332
    url: https://raw.githubusercontent.com/commercialhaskell/stackage-snapshots/master/lts/22/17.yaml
  original: lts-22.17
